
Microsoft Visual Studio Solution File, Format Version 12.00
# Visual Studio Version 16
VisualStudioVersion = 16.0.30523.141
MinimumVisualStudioVersion = 10.0.40219.1
Project("{FAE04EC0-301F-11D3-BF4B-00C04F79EFBC}") = "LeftRecElim", "LeftRecElim\LeftRecElim.csproj", "{B4D4FB16-E441-4597-8E85-5D84D9D52FAE}"
EndProject
Global
	GlobalSection(SolutionConfigurationPlatforms) = preSolution
		Debug|Any CPU = Debug|Any CPU
		Release|Any CPU = Release|Any CPU
	EndGlobalSection
	GlobalSection(ProjectConfigurationPlatforms) = postSolution
		{B4D4FB16-E441-4597-8E85-5D84D9D52FAE}.Debug|Any CPU.ActiveCfg = Debug|Any CPU
		{B4D4FB16-E441-4597-8E85-5D84D9D52FAE}.Debug|Any CPU.Build.0 = Debug|Any CPU
		{B4D4FB16-E441-4597-8E85-5D84D9D52FAE}.Release|Any CPU.ActiveCfg = Release|Any CPU
		{B4D4FB16-E441-4597-8E85-5D84D9D52FAE}.Release|Any CPU.Build.0 = Release|Any CPU
	EndGlobalSection
	GlobalSection(SolutionProperties) = preSolution
		HideSolutionNode = FALSE
	EndGlobalSection
	GlobalSection(ExtensibilityGlobals) = postSolution
		SolutionGuid = {126F7A95-9C2E-4876-94FF-79BDB3F1116E}
	EndGlobalSection
EndGlobal
